
Microsoft Visual Studio Solution File, Format Version 11.00
# Visual Studio 2010
Project("{FAE04EC0-301F-11D3-BF4B-00C04F79EFBC}") = "Sitecore.SharedSource.Search", "Sitecore.SharedSource.Search.csproj", "{C937CD95-E2B0-4A2F-A69A-EA42A3309D21}"
EndProject
Project("{FAE04EC0-301F-11D3-BF4B-00C04F79EFBC}") = "SearchDemo", "..\..\Sandbox6.2U5\Website\SearchDemo.csproj", "{253A1959-66F6-4971-8D08-9F73243743E8}"
EndProject
Global
	GlobalSection(SolutionConfigurationPlatforms) = preSolution
		Debug|Any CPU = Debug|Any CPU
		Release|Any CPU = Release|Any CPU
	EndGlobalSection
	GlobalSection(ProjectConfigurationPlatforms) = postSolution
		{C937CD95-E2B0-4A2F-A69A-EA42A3309D21}.Debug|Any CPU.ActiveCfg = Debug|Any CPU
		{C937CD95-E2B0-4A2F-A69A-EA42A3309D21}.Debug|Any CPU.Build.0 = Debug|Any CPU
		{C937CD95-E2B0-4A2F-A69A-EA42A3309D21}.Release|Any CPU.ActiveCfg = Release|Any CPU
		{C937CD95-E2B0-4A2F-A69A-EA42A3309D21}.Release|Any CPU.Build.0 = Release|Any CPU
		{253A1959-66F6-4971-8D08-9F73243743E8}.Debug|Any CPU.ActiveCfg = Debug|Any CPU
		{253A1959-66F6-4971-8D08-9F73243743E8}.Debug|Any CPU.Build.0 = Debug|Any CPU
		{253A1959-66F6-4971-8D08-9F73243743E8}.Release|Any CPU.ActiveCfg = Release|Any CPU
		{253A1959-66F6-4971-8D08-9F73243743E8}.Release|Any CPU.Build.0 = Release|Any CPU
	EndGlobalSection
	GlobalSection(SolutionProperties) = preSolution
		HideSolutionNode = FALSE
	EndGlobalSection
EndGlobal
